
Microsoft Visual Studio Solution File, Format Version 12.00
# Visual Studio 15
VisualStudioVersion = 15.0.27428.2027
MinimumVisualStudioVersion = 10.0.40219.1
Project("{9092AA53-FB77-4645-B42D-1CCCA6BD08BD}") = "shoestore-products-express", "shoestore-products-express\shoestore-products-express.njsproj", "{C11AA276-47B6-472B-8C5A-8C71412332D4}"
EndProject
Global
	GlobalSection(SolutionConfigurationPlatforms) = preSolution
		Debug|Any CPU = Debug|Any CPU
		Release|Any CPU = Release|Any CPU
	EndGlobalSection
	GlobalSection(ProjectConfigurationPlatforms) = postSolution
		{C11AA276-47B6-472B-8C5A-8C71412332D4}.Debug|Any CPU.ActiveCfg = Debug|Any CPU
		{C11AA276-47B6-472B-8C5A-8C71412332D4}.Debug|Any CPU.Build.0 = Debug|Any CPU
		{C11AA276-47B6-472B-8C5A-8C71412332D4}.Release|Any CPU.ActiveCfg = Release|Any CPU
		{C11AA276-47B6-472B-8C5A-8C71412332D4}.Release|Any CPU.Build.0 = Release|Any CPU
	EndGlobalSection
	GlobalSection(SolutionProperties) = preSolution
		HideSolutionNode = FALSE
	EndGlobalSection
	GlobalSection(ExtensibilityGlobals) = postSolution
		SolutionGuid = {0A501D1E-F201-473C-891E-CFCAECF43C9F}
	EndGlobalSection
EndGlobal
